// !$*UTF8*$!
{
	archiveVersion = 1;
	classes = {
	};
	objectVersion = 50;
	objects = {

/* Begin PBXBuildFile section */
		49036D0A244B782100CDB2AE /* RelinkRequest.swift in Sources */ = {isa = PBXBuildFile; fileRef = 49036D09244B782100CDB2AE /* RelinkRequest.swift */; };
		49036D0C244B785600CDB2AE /* RequestHelpers.swift in Sources */ = {isa = PBXBuildFile; fileRef = 49036D0B244B785600CDB2AE /* RequestHelpers.swift */; };
		49036D0E244B79A300CDB2AE /* RelinkClient.swift in Sources */ = {isa = PBXBuildFile; fileRef = 49036D0D244B79A300CDB2AE /* RelinkClient.swift */; };
		49036D10244B7ECF00CDB2AE /* AddLinkResponse.swift in Sources */ = {isa = PBXBuildFile; fileRef = 49036D0F244B7ECF00CDB2AE /* AddLinkResponse.swift */; };
		49036D12244B819900CDB2AE /* UIViewController+Extension.swift in Sources */ = {isa = PBXBuildFile; fileRef = 49036D11244B819900CDB2AE /* UIViewController+Extension.swift */; };
		49036D20244B894500CDB2AE /* Shorty.xcdatamodeld in Sources */ = {isa = PBXBuildFile; fileRef = 49036D1E244B894500CDB2AE /* Shorty.xcdatamodeld */; };
		49036D22244B993400CDB2AE /* LinksListViewController.swift in Sources */ = {isa = PBXBuildFile; fileRef = 49036D21244B993400CDB2AE /* LinksListViewController.swift */; };
		49036D25244B9A3800CDB2AE /* LinkCells.swift in Sources */ = {isa = PBXBuildFile; fileRef = 49036D24244B9A3800CDB2AE /* LinkCells.swift */; };
		49036D28244B9AB000CDB2AE /* Cells.swift in Sources */ = {isa = PBXBuildFile; fileRef = 49036D27244B9AB000CDB2AE /* Cells.swift */; };
		49036D2A244B9D0000CDB2AE /* DataController.swift in Sources */ = {isa = PBXBuildFile; fileRef = 49036D29244B9D0000CDB2AE /* DataController.swift */; };
		49036D2D244B9D6D00CDB2AE /* Link+Extension.swift in Sources */ = {isa = PBXBuildFile; fileRef = 49036D2C244B9D6D00CDB2AE /* Link+Extension.swift */; };
		49294C85244B1DC100C8BB7F /* AppDelegate.swift in Sources */ = {isa = PBXBuildFile; fileRef = 49294C84244B1DC100C8BB7F /* AppDelegate.swift */; };
		49294C87244B1DC100C8BB7F /* SceneDelegate.swift in Sources */ = {isa = PBXBuildFile; fileRef = 49294C86244B1DC100C8BB7F /* SceneDelegate.swift */; };
		49294C89244B1DC100C8BB7F /* ShortyViewController.swift in Sources */ = {isa = PBXBuildFile; fileRef = 49294C88244B1DC100C8BB7F /* ShortyViewController.swift */; };
		49294C8C244B1DC100C8BB7F /* Main.storyboard in Resources */ = {isa = PBXBuildFile; fileRef = 49294C8A244B1DC100C8BB7F /* Main.storyboard */; };
		49294C8E244B1DC500C8BB7F /* Assets.xcassets in Resources */ = {isa = PBXBuildFile; fileRef = 49294C8D244B1DC500C8BB7F /* Assets.xcassets */; };
		49294C91244B1DC500C8BB7F /* LaunchScreen.storyboard in Resources */ = {isa = PBXBuildFile; fileRef = 49294C8F244B1DC500C8BB7F /* LaunchScreen.storyboard */; };
		49C81CE3244BA2CD009CBED8 /* LinkDetailsViewController.swift in Sources */ = {isa = PBXBuildFile; fileRef = 49C81CE2244BA2CD009CBED8 /* LinkDetailsViewController.swift */; };
/* End PBXBuildFile section */

/* Begin PBXFileReference section */
		49036D09244B782100CDB2AE /* RelinkRequest.swift */ = {isa = PBXFileReference; lastKnownFileType = sourcecode.swift; path = RelinkRequest.swift; sourceTree = "<group>"; };
		49036D0B244B785600CDB2AE /* RequestHelpers.swift */ = {isa = PBXFileReference; lastKnownFileType = sourcecode.swift; path = RequestHelpers.swift; sourceTree = "<group>"; };
		49036D0D244B79A300CDB2AE /* RelinkClient.swift */ = {isa = PBXFileReference; lastKnownFileType = sourcecode.swift; path = RelinkClient.swift; sourceTree = "<group>"; };
		49036D0F244B7ECF00CDB2AE /* AddLinkResponse.swift */ = {isa = PBXFileReference; lastKnownFileType = sourcecode.swift; path = AddLinkResponse.swift; sourceTree = "<group>"; };
		49036D11244B819900CDB2AE /* UIViewController+Extension.swift */ = {isa = PBXFileReference; lastKnownFileType = sourcecode.swift; path = "UIViewController+Extension.swift"; sourceTree = "<group>"; };
		49036D1F244B894500CDB2AE /* Shorty.xcdatamodel */ = {isa = PBXFileReference; lastKnownFileType = wrapper.xcdatamodel; path = Shorty.xcdatamodel; sourceTree = "<group>"; };
		49036D21244B993400CDB2AE /* LinksListViewController.swift */ = {isa = PBXFileReference; lastKnownFileType = sourcecode.swift; path = LinksListViewController.swift; sourceTree = "<group>"; };
		49036D24244B9A3800CDB2AE /* LinkCells.swift */ = {isa = PBXFileReference; lastKnownFileType = sourcecode.swift; path = LinkCells.swift; sourceTree = "<group>"; };
		49036D27244B9AB000CDB2AE /* Cells.swift */ = {isa = PBXFileReference; lastKnownFileType = sourcecode.swift; path = Cells.swift; sourceTree = "<group>"; };
		49036D29244B9D0000CDB2AE /* DataController.swift */ = {isa = PBXFileReference; lastKnownFileType = sourcecode.swift; path = DataController.swift; sourceTree = "<group>"; };
		49036D2C244B9D6D00CDB2AE /* Link+Extension.swift */ = {isa = PBXFileReference; lastKnownFileType = sourcecode.swift; path = "Link+Extension.swift"; sourceTree = "<group>"; };
		49294C81244B1DC100C8BB7F /* Shorty.app */ = {isa = PBXFileReference; explicitFileType = wrapper.application; includeInIndex = 0; path = Shorty.app; sourceTree = BUILT_PRODUCTS_DIR; };
		49294C84244B1DC100C8BB7F /* AppDelegate.swift */ = {isa = PBXFileReference; lastKnownFileType = sourcecode.swift; path = AppDelegate.swift; sourceTree = "<group>"; };
		49294C86244B1DC100C8BB7F /* SceneDelegate.swift */ = {isa = PBXFileReference; lastKnownFileType = sourcecode.swift; path = SceneDelegate.swift; sourceTree = "<group>"; };
		49294C88244B1DC100C8BB7F /* ShortyViewController.swift */ = {isa = PBXFileReference; lastKnownFileType = sourcecode.swift; path = ShortyViewController.swift; sourceTree = "<group>"; };
		49294C8B244B1DC100C8BB7F /* Base */ = {isa = PBXFileReference; lastKnownFileType = file.storyboard; name = Base; path = Base.lproj/Main.storyboard; sourceTree = "<group>"; };
		49294C8D244B1DC500C8BB7F /* Assets.xcassets */ = {isa = PBXFileReference; lastKnownFileType = folder.assetcatalog; path = Assets.xcassets; sourceTree = "<group>"; };
		49294C90244B1DC500C8BB7F /* Base */ = {isa = PBXFileReference; lastKnownFileType = file.storyboard; name = Base; path = Base.lproj/LaunchScreen.storyboard; sourceTree = "<group>"; };
		49294C92244B1DC500C8BB7F /* Info.plist */ = {isa = PBXFileReference; lastKnownFileType = text.plist.xml; path = Info.plist; sourceTree = "<group>"; };
		49C81CE2244BA2CD009CBED8 /* LinkDetailsViewController.swift */ = {isa = PBXFileReference; lastKnownFileType = sourcecode.swift; path = LinkDetailsViewController.swift; sourceTree = "<group>"; };
/* End PBXFileReference section */

/* Begin PBXFrameworksBuildPhase section */
		49294C7E244B1DC100C8BB7F /* Frameworks */ = {
			isa = PBXFrameworksBuildPhase;
			buildActionMask = 2147483647;
			files = (
			);
			runOnlyForDeploymentPostprocessing = 0;
		};
/* End PBXFrameworksBuildPhase section */

/* Begin PBXGroup section */
		49036D06244B778E00CDB2AE /* Model */ = {
			isa = PBXGroup;
			children = (
				49036D2B244B9D5900CDB2AE /* Managed Object Extensions */,
				49036D09244B782100CDB2AE /* RelinkRequest.swift */,
				49036D0B244B785600CDB2AE /* RequestHelpers.swift */,
				49036D0F244B7ECF00CDB2AE /* AddLinkResponse.swift */,
				49036D0D244B79A300CDB2AE /* RelinkClient.swift */,
				49036D1E244B894500CDB2AE /* Shorty.xcdatamodeld */,
			);
			path = Model;
			sourceTree = "<group>";
		};
		49036D07244B779500CDB2AE /* View */ = {
			isa = PBXGroup;
			children = (
				49036D26244B9AA300CDB2AE /* Protocols */,
				49036D23244B9A2400CDB2AE /* Cells */,
			);
			path = View;
			sourceTree = "<group>";
		};
		49036D08244B779D00CDB2AE /* Controller */ = {
			isa = PBXGroup;
			children = (
				49036D11244B819900CDB2AE /* UIViewController+Extension.swift */,
				49294C88244B1DC100C8BB7F /* ShortyViewController.swift */,
				49036D21244B993400CDB2AE /* LinksListViewController.swift */,
				49C81CE2244BA2CD009CBED8 /* LinkDetailsViewController.swift */,
				49036D29244B9D0000CDB2AE /* DataController.swift */,
			);
			path = Controller;
			sourceTree = "<group>";
		};
		49036D23244B9A2400CDB2AE /* Cells */ = {
			isa = PBXGroup;
			children = (
				49036D24244B9A3800CDB2AE /* LinkCells.swift */,
			);
			path = Cells;
			sourceTree = "<group>";
		};
		49036D26244B9AA300CDB2AE /* Protocols */ = {
			isa = PBXGroup;
			children = (
				49036D27244B9AB000CDB2AE /* Cells.swift */,
			);
			path = Protocols;
			sourceTree = "<group>";
		};
		49036D2B244B9D5900CDB2AE /* Managed Object Extensions */ = {
			isa = PBXGroup;
			children = (
				49036D2C244B9D6D00CDB2AE /* Link+Extension.swift */,
			);
			path = "Managed Object Extensions";
			sourceTree = "<group>";
		};
		49294C78244B1DC100C8BB7F = {
			isa = PBXGroup;
			children = (
				49294C83244B1DC100C8BB7F /* Shorty */,
				49294C82244B1DC100C8BB7F /* Products */,
			);
			sourceTree = "<group>";
		};
		49294C82244B1DC100C8BB7F /* Products */ = {
			isa = PBXGroup;
			children = (
				49294C81244B1DC100C8BB7F /* Shorty.app */,
			);
			name = Products;
			sourceTree = "<group>";
		};
		49294C83244B1DC100C8BB7F /* Shorty */ = {
			isa = PBXGroup;
			children = (
				49B10C6F244BAAC600AEFD3B /* Storyboards */,
				49B10C6E244BAAAB00AEFD3B /* Assets */,
				49036D08244B779D00CDB2AE /* Controller */,
				49036D07244B779500CDB2AE /* View */,
				49036D06244B778E00CDB2AE /* Model */,
				49294C84244B1DC100C8BB7F /* AppDelegate.swift */,
				49294C86244B1DC100C8BB7F /* SceneDelegate.swift */,
				49294C92244B1DC500C8BB7F /* Info.plist */,
			);
			path = Shorty;
			sourceTree = "<group>";
		};
		49B10C6E244BAAAB00AEFD3B /* Assets */ = {
			isa = PBXGroup;
			children = (
				49294C8D244B1DC500C8BB7F /* Assets.xcassets */,
			);
			path = Assets;
			sourceTree = "<group>";
		};
		49B10C6F244BAAC600AEFD3B /* Storyboards */ = {
			isa = PBXGroup;
			children = (
				49294C8A244B1DC100C8BB7F /* Main.storyboard */,
				49294C8F244B1DC500C8BB7F /* LaunchScreen.storyboard */,
			);
			path = Storyboards;
			sourceTree = "<group>";
		};
/* End PBXGroup section */

/* Begin PBXNativeTarget section */
		49294C80244B1DC100C8BB7F /* Shorty */ = {
			isa = PBXNativeTarget;
			buildConfigurationList = 49294C95244B1DC500C8BB7F /* Build configuration list for PBXNativeTarget "Shorty" */;
			buildPhases = (
				49294C7D244B1DC100C8BB7F /* Sources */,
				49294C7E244B1DC100C8BB7F /* Frameworks */,
				49294C7F244B1DC100C8BB7F /* Resources */,
			);
			buildRules = (
			);
			dependencies = (
			);
			name = Shorty;
			productName = Shorty;
			productReference = 49294C81244B1DC100C8BB7F /* Shorty.app */;
			productType = "com.apple.product-type.application";
		};
/* End PBXNativeTarget section */

/* Begin PBXProject section */
		49294C79244B1DC100C8BB7F /* Project object */ = {
			isa = PBXProject;
			attributes = {
				LastSwiftUpdateCheck = 1140;
				LastUpgradeCheck = 1140;
				ORGANIZATIONNAME = "Mattia Sanfilippo";
				TargetAttributes = {
					49294C80244B1DC100C8BB7F = {
						CreatedOnToolsVersion = 11.4.1;
					};
				};
			};
			buildConfigurationList = 49294C7C244B1DC100C8BB7F /* Build configuration list for PBXProject "Shorty" */;
			compatibilityVersion = "Xcode 9.3";
			developmentRegion = en;
			hasScannedForEncodings = 0;
			knownRegions = (
				en,
				Base,
			);
			mainGroup = 49294C78244B1DC100C8BB7F;
			productRefGroup = 49294C82244B1DC100C8BB7F /* Products */;
			projectDirPath = "";
			projectRoot = "";
			targets = (
				49294C80244B1DC100C8BB7F /* Shorty */,
			);
		};
/* End PBXProject section */

/* Begin PBXResourcesBuildPhase section */
		49294C7F244B1DC100C8BB7F /* Resources */ = {
			isa = PBXResourcesBuildPhase;
			buildActionMask = 2147483647;
			files = (
				49294C91244B1DC500C8BB7F /* LaunchScreen.storyboard in Resources */,
				49294C8E244B1DC500C8BB7F /* Assets.xcassets in Resources */,
				49294C8C244B1DC100C8BB7F /* Main.storyboard in Resources */,
			);
			runOnlyForDeploymentPostprocessing = 0;
		};
/* End PBXResourcesBuildPhase section */

/* Begin PBXSourcesBuildPhase section */
		49294C7D244B1DC100C8BB7F /* Sources */ = {
			isa = PBXSourcesBuildPhase;
			buildActionMask = 2147483647;
			files = (
				49036D12244B819900CDB2AE /* UIViewController+Extension.swift in Sources */,
				49036D28244B9AB000CDB2AE /* Cells.swift in Sources */,
				49036D25244B9A3800CDB2AE /* LinkCells.swift in Sources */,
				49036D0A244B782100CDB2AE /* RelinkRequest.swift in Sources */,
				49036D22244B993400CDB2AE /* LinksListViewController.swift in Sources */,
				49036D0E244B79A300CDB2AE /* RelinkClient.swift in Sources */,
				49036D20244B894500CDB2AE /* Shorty.xcdatamodeld in Sources */,
				49036D0C244B785600CDB2AE /* RequestHelpers.swift in Sources */,
				49294C89244B1DC100C8BB7F /* ShortyViewController.swift in Sources */,
				49036D10244B7ECF00CDB2AE /* AddLinkResponse.swift in Sources */,
				49294C85244B1DC100C8BB7F /* AppDelegate.swift in Sources */,
				49036D2A244B9D0000CDB2AE /* DataController.swift in Sources */,
				49C81CE3244BA2CD009CBED8 /* LinkDetailsViewController.swift in Sources */,
				49294C87244B1DC100C8BB7F /* SceneDelegate.swift in Sources */,
				49036D2D244B9D6D00CDB2AE /* Link+Extension.swift in Sources */,
			);
			runOnlyForDeploymentPostprocessing = 0;
		};
/* End PBXSourcesBuildPhase section */

/* Begin PBXVariantGroup section */
		49294C8A244B1DC100C8BB7F /* Main.storyboard */ = {
			isa = PBXVariantGroup;
			children = (
				49294C8B244B1DC100C8BB7F /* Base */,
			);
			name = Main.storyboard;
			sourceTree = "<group>";
		};
		49294C8F244B1DC500C8BB7F /* LaunchScreen.storyboard */ = {
			isa = PBXVariantGroup;
			children = (
				49294C90244B1DC500C8BB7F /* Base */,
			);
			name = LaunchScreen.storyboard;
			sourceTree = "<group>";
		};
/* End PBXVariantGroup section */

/* Begin XCBuildConfiguration section */
		49294C93244B1DC500C8BB7F /* Debug */ = {
			isa = XCBuildConfiguration;
			buildSettings = {
				ALWAYS_SEARCH_USER_PATHS = NO;
				CLANG_ANALYZER_NONNULL = YES;
				CLANG_ANALYZER_NUMBER_OBJECT_CONVERSION = YES_AGGRESSIVE;
				CLANG_CXX_LANGUAGE_STANDARD = "gnu++14";
				CLANG_CXX_LIBRARY = "libc++";
				CLANG_ENABLE_MODULES = YES;
				CLANG_ENABLE_OBJC_ARC = YES;
				CLANG_ENABLE_OBJC_WEAK = YES;
				CLANG_WARN_BLOCK_CAPTURE_AUTORELEASING = YES;
				CLANG_WARN_BOOL_CONVERSION = YES;
				CLANG_WARN_COMMA = YES;
				CLANG_WARN_CONSTANT_CONVERSION = YES;
				CLANG_WARN_DEPRECATED_OBJC_IMPLEMENTATIONS = YES;
				CLANG_WARN_DIRECT_OBJC_ISA_USAGE = YES_ERROR;
				CLANG_WARN_DOCUMENTATION_COMMENTS = YES;
				CLANG_WARN_EMPTY_BODY = YES;
				CLANG_WARN_ENUM_CONVERSION = YES;
				CLANG_WARN_INFINITE_RECURSION = YES;
				CLANG_WARN_INT_CONVERSION = YES;
				CLANG_WARN_NON_LITERAL_NULL_CONVERSION = YES;
				CLANG_WARN_OBJC_IMPLICIT_RETAIN_SELF = YES;
				CLANG_WARN_OBJC_LITERAL_CONVERSION = YES;
				CLANG_WARN_OBJC_ROOT_CLASS = YES_ERROR;
				CLANG_WARN_RANGE_LOOP_ANALYSIS = YES;
				CLANG_WARN_STRICT_PROTOTYPES = YES;
				CLANG_WARN_SUSPICIOUS_MOVE = YES;
				CLANG_WARN_UNGUARDED_AVAILABILITY = YES_AGGRESSIVE;
				CLANG_WARN_UNREACHABLE_CODE = YES;
				CLANG_WARN__DUPLICATE_METHOD_MATCH = YES;
				COPY_PHASE_STRIP = NO;
				DEBUG_INFORMATION_FORMAT = dwarf;
				ENABLE_STRICT_OBJC_MSGSEND = YES;
				ENABLE_TESTABILITY = YES;
				GCC_C_LANGUAGE_STANDARD = gnu11;
				GCC_DYNAMIC_NO_PIC = NO;
				GCC_NO_COMMON_BLOCKS = YES;
				GCC_OPTIMIZATION_LEVEL = 0;
				GCC_PREPROCESSOR_DEFINITIONS = (
					"DEBUG=1",
					"$(inherited)",
				);
				GCC_WARN_64_TO_32_BIT_CONVERSION = YES;
				GCC_WARN_ABOUT_RETURN_TYPE = YES_ERROR;
				GCC_WARN_UNDECLARED_SELECTOR = YES;
				GCC_WARN_UNINITIALIZED_AUTOS = YES_AGGRESSIVE;
				GCC_WARN_UNUSED_FUNCTION = YES;
				GCC_WARN_UNUSED_VARIABLE = YES;
				IPHONEOS_DEPLOYMENT_TARGET = 13.4;
				MTL_ENABLE_DEBUG_INFO = INCLUDE_SOURCE;
				MTL_FAST_MATH = YES;
				ONLY_ACTIVE_ARCH = YES;
				SDKROOT = iphoneos;
				SWIFT_ACTIVE_COMPILATION_CONDITIONS = DEBUG;
				SWIFT_OPTIMIZATION_LEVEL = "-Onone";
			};
			name = Debug;
		};
		49294C94244B1DC500C8BB7F /* Release */ = {
			isa = XCBuildConfiguration;
			buildSettings = {
				ALWAYS_SEARCH_USER_PATHS = NO;
				CLANG_ANALYZER_NONNULL = YES;
				CLANG_ANALYZER_NUMBER_OBJECT_CONVERSION = YES_AGGRESSIVE;
				CLANG_CXX_LANGUAGE_STANDARD = "gnu++14";
				CLANG_CXX_LIBRARY = "libc++";
				CLANG_ENABLE_MODULES = YES;
				CLANG_ENABLE_OBJC_ARC = YES;
				CLANG_ENABLE_OBJC_WEAK = YES;
				CLANG_WARN_BLOCK_CAPTURE_AUTORELEASING = YES;
				CLANG_WARN_BOOL_CONVERSION = YES;
				CLANG_WARN_COMMA = YES;
				CLANG_WARN_CONSTANT_CONVERSION = YES;
				CLANG_WARN_DEPRECATED_OBJC_IMPLEMENTATIONS = YES;
				CLANG_WARN_DIRECT_OBJC_ISA_USAGE = YES_ERROR;
				CLANG_WARN_DOCUMENTATION_COMMENTS = YES;
				CLANG_WARN_EMPTY_BODY = YES;
				CLANG_WARN_ENUM_CONVERSION = YES;
				CLANG_WARN_INFINITE_RECURSION = YES;
				CLANG_WARN_INT_CONVERSION = YES;
				CLANG_WARN_NON_LITERAL_NULL_CONVERSION = YES;
				CLANG_WARN_OBJC_IMPLICIT_RETAIN_SELF = YES;
				CLANG_WARN_OBJC_LITERAL_CONVERSION = YES;
				CLANG_WARN_OBJC_ROOT_CLASS = YES_ERROR;
				CLANG_WARN_RANGE_LOOP_ANALYSIS = YES;
				CLANG_WARN_STRICT_PROTOTYPES = YES;
				CLANG_WARN_SUSPICIOUS_MOVE = YES;
				CLANG_WARN_UNGUARDED_AVAILABILITY = YES_AGGRESSIVE;
				CLANG_WARN_UNREACHABLE_CODE = YES;
				CLANG_WARN__DUPLICATE_METHOD_MATCH = YES;
				COPY_PHASE_STRIP = NO;
				DEBUG_INFORMATION_FORMAT = "dwarf-with-dsym";
				ENABLE_NS_ASSERTIONS = NO;
				ENABLE_STRICT_OBJC_MSGSEND = YES;
				GCC_C_LANGUAGE_STANDARD = gnu11;
				GCC_NO_COMMON_BLOCKS = YES;
				GCC_WARN_64_TO_32_BIT_CONVERSION = YES;
				GCC_WARN_ABOUT_RETURN_TYPE = YES_ERROR;
				GCC_WARN_UNDECLARED_SELECTOR = YES;
				GCC_WARN_UNINITIALIZED_AUTOS = YES_AGGRESSIVE;
				GCC_WARN_UNUSED_FUNCTION = YES;
				GCC_WARN_UNUSED_VARIABLE = YES;
				IPHONEOS_DEPLOYMENT_TARGET = 13.4;
				MTL_ENABLE_DEBUG_INFO = NO;
				MTL_FAST_MATH = YES;
				SDKROOT = iphoneos;
				SWIFT_COMPILATION_MODE = wholemodule;
				SWIFT_OPTIMIZATION_LEVEL = "-O";
				VALIDATE_PRODUCT = YES;
			};
			name = Release;
		};
		49294C96244B1DC500C8BB7F /* Debug */ = {
			isa = XCBuildConfiguration;
			buildSettings = {
				ASSETCATALOG_COMPILER_APPICON_NAME = AppIcon;
				CODE_SIGN_STYLE = Automatic;
				DEVELOPMENT_TEAM = JVVS496GDP;
				INFOPLIST_FILE = Shorty/Info.plist;
				LD_RUNPATH_SEARCH_PATHS = (
					"$(inherited)",
					"@executable_path/Frameworks",
				);
				PRODUCT_BUNDLE_IDENTIFIER = com.mattiasanfilippo.Shorty;
				PRODUCT_NAME = "$(TARGET_NAME)";
				SWIFT_VERSION = 5.0;
				TARGETED_DEVICE_FAMILY = "1,2";
			};
			name = Debug;
		};
		49294C97244B1DC500C8BB7F /* Release */ = {
			isa = XCBuildConfiguration;
			buildSettings = {
				ASSETCATALOG_COMPILER_APPICON_NAME = AppIcon;
				CODE_SIGN_STYLE = Automatic;
				DEVELOPMENT_TEAM = JVVS496GDP;
				INFOPLIST_FILE = Shorty/Info.plist;
				LD_RUNPATH_SEARCH_PATHS = (
					"$(inherited)",
					"@executable_path/Frameworks",
				);
				PRODUCT_BUNDLE_IDENTIFIER = com.mattiasanfilippo.Shorty;
				PRODUCT_NAME = "$(TARGET_NAME)";
				SWIFT_VERSION = 5.0;
				TARGETED_DEVICE_FAMILY = "1,2";
			};
			name = Release;
		};
/* End XCBuildConfiguration section */

/* Begin XCConfigurationList section */
		49294C7C244B1DC100C8BB7F /* Build configuration list for PBXProject "Shorty" */ = {
			isa = XCConfigurationList;
			buildConfigurations = (
				49294C93244B1DC500C8BB7F /* Debug */,
				49294C94244B1DC500C8BB7F /* Release */,
			);
			defaultConfigurationIsVisible = 0;
			defaultConfigurationName = Release;
		};
		49294C95244B1DC500C8BB7F /* Build configuration list for PBXNativeTarget "Shorty" */ = {
			isa = XCConfigurationList;
			buildConfigurations = (
				49294C96244B1DC500C8BB7F /* Debug */,
				49294C97244B1DC500C8BB7F /* Release */,
			);
			defaultConfigurationIsVisible = 0;
			defaultConfigurationName = Release;
		};
/* End XCConfigurationList section */

/* Begin XCVersionGroup section */
		49036D1E244B894500CDB2AE /* Shorty.xcdatamodeld */ = {
			isa = XCVersionGroup;
			children = (
				49036D1F244B894500CDB2AE /* Shorty.xcdatamodel */,
			);
			currentVersion = 49036D1F244B894500CDB2AE /* Shorty.xcdatamodel */;
			path = Shorty.xcdatamodeld;
			sourceTree = "<group>";
			versionGroupType = wrapper.xcdatamodel;
		};
/* End XCVersionGroup section */
	};
	rootObject = 49294C79244B1DC100C8BB7F /* Project object */;
}
